// !$*UTF8*$!
{
	archiveVersion = 1;
	classes = {
	};
	objectVersion = 48;
	objects = {

/* Begin PBXBuildFile section */
		7646D6FC396C7BFE555D6AD7 /* Pods_FacebookAnalytics.framework in Frameworks */ = {isa = PBXBuildFile; fileRef = 71364748FE4906A7A053303A /* Pods_FacebookAnalytics.framework */; };
		946CD287206AA6F70094AF97 /* FacebookAnalytics.framework in Frameworks */ = {isa = PBXBuildFile; fileRef = 946CD27D206AA6F70094AF97 /* FacebookAnalytics.framework */; };
		946CD28C206AA6F70094AF97 /* FacebookAnalyticsTests.swift in Sources */ = {isa = PBXBuildFile; fileRef = 946CD28B206AA6F70094AF97 /* FacebookAnalyticsTests.swift */; };
		946CD28E206AA6F70094AF97 /* FacebookAnalytics.h in Headers */ = {isa = PBXBuildFile; fileRef = 946CD280206AA6F70094AF97 /* FacebookAnalytics.h */; settings = {ATTRIBUTES = (Public, ); }; };
		946CD2A1206AA7370094AF97 /* FacebookAnalytics.swift in Sources */ = {isa = PBXBuildFile; fileRef = 946CD2A0206AA7370094AF97 /* FacebookAnalytics.swift */; };
		946CD2A3206AA7700094AF97 /* Analytics.framework in Frameworks */ = {isa = PBXBuildFile; fileRef = 946CD2A4206AA7700094AF97 /* Analytics.framework */; };
		D32AFDA51FADC800310A8075 /* Pods_FacebookAnalyticsTests.framework in Frameworks */ = {isa = PBXBuildFile; fileRef = BA5F30AE8BD6FB5C3EA4BF7F /* Pods_FacebookAnalyticsTests.framework */; };
/* End PBXBuildFile section */

/* Begin PBXContainerItemProxy section */
		946CD288206AA6F70094AF97 /* PBXContainerItemProxy */ = {
			isa = PBXContainerItemProxy;
			containerPortal = 946CD274206AA6F70094AF97 /* Project object */;
			proxyType = 1;
			remoteGlobalIDString = 946CD27C206AA6F70094AF97;
			remoteInfo = FacebookAnalytics;
		};
/* End PBXContainerItemProxy section */

/* Begin PBXFileReference section */
		0408FE3AC24DF7FD1C7A5E55 /* Pods-FacebookAnalytics.debug.xcconfig */ = {isa = PBXFileReference; includeInIndex = 1; lastKnownFileType = text.xcconfig; name = "Pods-FacebookAnalytics.debug.xcconfig"; path = "Pods/Target Support Files/Pods-FacebookAnalytics/Pods-FacebookAnalytics.debug.xcconfig"; sourceTree = "<group>"; };
		0F9C5DE0A3E999084CDFC92E /* Pods-FacebookAnalytics.release.xcconfig */ = {isa = PBXFileReference; includeInIndex = 1; lastKnownFileType = text.xcconfig; name = "Pods-FacebookAnalytics.release.xcconfig"; path = "Pods/Target Support Files/Pods-FacebookAnalytics/Pods-FacebookAnalytics.release.xcconfig"; sourceTree = "<group>"; };
		12500762DF63D87EC0AE3947 /* Pods-FacebookAnalyticsTests.release.xcconfig */ = {isa = PBXFileReference; includeInIndex = 1; lastKnownFileType = text.xcconfig; name = "Pods-FacebookAnalyticsTests.release.xcconfig"; path = "Pods/Target Support Files/Pods-FacebookAnalyticsTests/Pods-FacebookAnalyticsTests.release.xcconfig"; sourceTree = "<group>"; };
		71364748FE4906A7A053303A /* Pods_FacebookAnalytics.framework */ = {isa = PBXFileReference; explicitFileType = wrapper.framework; includeInIndex = 0; path = Pods_FacebookAnalytics.framework; sourceTree = BUILT_PRODUCTS_DIR; };
		946CD27D206AA6F70094AF97 /* FacebookAnalytics.framework */ = {isa = PBXFileReference; explicitFileType = wrapper.framework; includeInIndex = 0; path = FacebookAnalytics.framework; sourceTree = BUILT_PRODUCTS_DIR; };
		946CD280206AA6F70094AF97 /* FacebookAnalytics.h */ = {isa = PBXFileReference; lastKnownFileType = sourcecode.c.h; path = FacebookAnalytics.h; sourceTree = "<group>"; };
		946CD281206AA6F70094AF97 /* Info.plist */ = {isa = PBXFileReference; lastKnownFileType = text.plist.xml; path = Info.plist; sourceTree = "<group>"; };
		946CD286206AA6F70094AF97 /* FacebookAnalyticsTests.xctest */ = {isa = PBXFileReference; explicitFileType = wrapper.cfbundle; includeInIndex = 0; path = FacebookAnalyticsTests.xctest; sourceTree = BUILT_PRODUCTS_DIR; };
		946CD28B206AA6F70094AF97 /* FacebookAnalyticsTests.swift */ = {isa = PBXFileReference; lastKnownFileType = sourcecode.swift; path = FacebookAnalyticsTests.swift; sourceTree = "<group>"; };
		946CD28D206AA6F70094AF97 /* Info.plist */ = {isa = PBXFileReference; lastKnownFileType = text.plist.xml; path = Info.plist; sourceTree = "<group>"; };
		946CD2A0206AA7370094AF97 /* FacebookAnalytics.swift */ = {isa = PBXFileReference; lastKnownFileType = sourcecode.swift; path = FacebookAnalytics.swift; sourceTree = "<group>"; };
		946CD2A4206AA7700094AF97 /* Analytics.framework */ = {isa = PBXFileReference; explicitFileType = wrapper.framework; path = Analytics.framework; sourceTree = BUILT_PRODUCTS_DIR; };
		A2C1170D699FF4A4712824C0 /* Pods-FacebookAnalyticsTests.debug.xcconfig */ = {isa = PBXFileReference; includeInIndex = 1; lastKnownFileType = text.xcconfig; name = "Pods-FacebookAnalyticsTests.debug.xcconfig"; path = "Pods/Target Support Files/Pods-FacebookAnalyticsTests/Pods-FacebookAnalyticsTests.debug.xcconfig"; sourceTree = "<group>"; };
		BA5F30AE8BD6FB5C3EA4BF7F /* Pods_FacebookAnalyticsTests.framework */ = {isa = PBXFileReference; explicitFileType = wrapper.framework; includeInIndex = 0; path = Pods_FacebookAnalyticsTests.framework; sourceTree = BUILT_PRODUCTS_DIR; };
/* End PBXFileReference section */

/* Begin PBXFrameworksBuildPhase section */
		946CD279206AA6F70094AF97 /* Frameworks */ = {
			isa = PBXFrameworksBuildPhase;
			buildActionMask = 2147483647;
			files = (
				946CD2A3206AA7700094AF97 /* Analytics.framework in Frameworks */,
				7646D6FC396C7BFE555D6AD7 /* Pods_FacebookAnalytics.framework in Frameworks */,
			);
			runOnlyForDeploymentPostprocessing = 0;
		};
		946CD283206AA6F70094AF97 /* Frameworks */ = {
			isa = PBXFrameworksBuildPhase;
			buildActionMask = 2147483647;
			files = (
				946CD287206AA6F70094AF97 /* FacebookAnalytics.framework in Frameworks */,
				D32AFDA51FADC800310A8075 /* Pods_FacebookAnalyticsTests.framework in Frameworks */,
			);
			runOnlyForDeploymentPostprocessing = 0;
		};
/* End PBXFrameworksBuildPhase section */

/* Begin PBXGroup section */
		946CD273206AA6F70094AF97 = {
			isa = PBXGroup;
			children = (
				946CD27F206AA6F70094AF97 /* FacebookAnalytics */,
				946CD28A206AA6F70094AF97 /* FacebookAnalyticsTests */,
				946CD27E206AA6F70094AF97 /* Products */,
				946CD2A2206AA7700094AF97 /* Frameworks */,
				9F0AB91A215C42C179E5249F /* Pods */,
			);
			sourceTree = "<group>";
		};
		946CD27E206AA6F70094AF97 /* Products */ = {
			isa = PBXGroup;
			children = (
				946CD27D206AA6F70094AF97 /* FacebookAnalytics.framework */,
				946CD286206AA6F70094AF97 /* FacebookAnalyticsTests.xctest */,
			);
			name = Products;
			sourceTree = "<group>";
		};
		946CD27F206AA6F70094AF97 /* FacebookAnalytics */ = {
			isa = PBXGroup;
			children = (
				946CD280206AA6F70094AF97 /* FacebookAnalytics.h */,
				946CD281206AA6F70094AF97 /* Info.plist */,
				946CD2A0206AA7370094AF97 /* FacebookAnalytics.swift */,
			);
			path = FacebookAnalytics;
			sourceTree = "<group>";
		};
		946CD28A206AA6F70094AF97 /* FacebookAnalyticsTests */ = {
			isa = PBXGroup;
			children = (
				946CD28B206AA6F70094AF97 /* FacebookAnalyticsTests.swift */,
				946CD28D206AA6F70094AF97 /* Info.plist */,
			);
			path = FacebookAnalyticsTests;
			sourceTree = "<group>";
		};
		946CD2A2206AA7700094AF97 /* Frameworks */ = {
			isa = PBXGroup;
			children = (
				946CD2A4206AA7700094AF97 /* Analytics.framework */,
				71364748FE4906A7A053303A /* Pods_FacebookAnalytics.framework */,
				BA5F30AE8BD6FB5C3EA4BF7F /* Pods_FacebookAnalyticsTests.framework */,
			);
			name = Frameworks;
			sourceTree = "<group>";
		};
		9F0AB91A215C42C179E5249F /* Pods */ = {
			isa = PBXGroup;
			children = (
				0408FE3AC24DF7FD1C7A5E55 /* Pods-FacebookAnalytics.debug.xcconfig */,
				0F9C5DE0A3E999084CDFC92E /* Pods-FacebookAnalytics.release.xcconfig */,
				A2C1170D699FF4A4712824C0 /* Pods-FacebookAnalyticsTests.debug.xcconfig */,
				12500762DF63D87EC0AE3947 /* Pods-FacebookAnalyticsTests.release.xcconfig */,
			);
			name = Pods;
			sourceTree = "<group>";
		};
/* End PBXGroup section */

/* Begin PBXHeadersBuildPhase section */
		946CD27A206AA6F70094AF97 /* Headers */ = {
			isa = PBXHeadersBuildPhase;
			buildActionMask = 2147483647;
			files = (
				946CD28E206AA6F70094AF97 /* FacebookAnalytics.h in Headers */,
			);
			runOnlyForDeploymentPostprocessing = 0;
		};
/* End PBXHeadersBuildPhase section */

/* Begin PBXNativeTarget section */
		946CD27C206AA6F70094AF97 /* FacebookAnalytics */ = {
			isa = PBXNativeTarget;
			buildConfigurationList = 946CD291206AA6F70094AF97 /* Build configuration list for PBXNativeTarget "FacebookAnalytics" */;
			buildPhases = (
				3AD3286FE249DC72D89DF9B5 /* [CP] Check Pods Manifest.lock */,
				946CD278206AA6F70094AF97 /* Sources */,
				946CD279206AA6F70094AF97 /* Frameworks */,
				946CD27A206AA6F70094AF97 /* Headers */,
				946CD27B206AA6F70094AF97 /* Resources */,
				D2755F3557998D206FBF7BD7 /* [CP] Copy Pods Resources */,
			);
			buildRules = (
			);
			dependencies = (
			);
			name = FacebookAnalytics;
			productName = FacebookAnalytics;
			productReference = 946CD27D206AA6F70094AF97 /* FacebookAnalytics.framework */;
			productType = "com.apple.product-type.framework";
		};
		946CD285206AA6F70094AF97 /* FacebookAnalyticsTests */ = {
			isa = PBXNativeTarget;
			buildConfigurationList = 946CD294206AA6F70094AF97 /* Build configuration list for PBXNativeTarget "FacebookAnalyticsTests" */;
			buildPhases = (
				3229D8BD81C2A1C04524DC14 /* [CP] Check Pods Manifest.lock */,
				946CD282206AA6F70094AF97 /* Sources */,
				946CD283206AA6F70094AF97 /* Frameworks */,
				946CD284206AA6F70094AF97 /* Resources */,
				21E4713FD5C03E0289204C3A /* [CP] Embed Pods Frameworks */,
				53330C85C911B7DCD2EECFA6 /* [CP] Copy Pods Resources */,
			);
			buildRules = (
			);
			dependencies = (
				946CD289206AA6F70094AF97 /* PBXTargetDependency */,
			);
			name = FacebookAnalyticsTests;
			productName = FacebookAnalyticsTests;
			productReference = 946CD286206AA6F70094AF97 /* FacebookAnalyticsTests.xctest */;
			productType = "com.apple.product-type.bundle.unit-test";
		};
/* End PBXNativeTarget section */

/* Begin PBXProject section */
		946CD274206AA6F70094AF97 /* Project object */ = {
			isa = PBXProject;
			attributes = {
				LastSwiftUpdateCheck = 0920;
				LastUpgradeCheck = 0920;
				ORGANIZATIONNAME = "Sugar and Candy";
				TargetAttributes = {
					946CD27C206AA6F70094AF97 = {
						CreatedOnToolsVersion = 9.2;
						LastSwiftMigration = 0920;
						ProvisioningStyle = Automatic;
					};
					946CD285206AA6F70094AF97 = {
						CreatedOnToolsVersion = 9.2;
						ProvisioningStyle = Automatic;
					};
				};
			};
			buildConfigurationList = 946CD277206AA6F70094AF97 /* Build configuration list for PBXProject "FacebookAnalytics" */;
			compatibilityVersion = "Xcode 8.0";
			developmentRegion = en;
			hasScannedForEncodings = 0;
			knownRegions = (
				en,
			);
			mainGroup = 946CD273206AA6F70094AF97;
			productRefGroup = 946CD27E206AA6F70094AF97 /* Products */;
			projectDirPath = "";
			projectRoot = "";
			targets = (
				946CD27C206AA6F70094AF97 /* FacebookAnalytics */,
				946CD285206AA6F70094AF97 /* FacebookAnalyticsTests */,
			);
		};
/* End PBXProject section */

/* Begin PBXResourcesBuildPhase section */
		946CD27B206AA6F70094AF97 /* Resources */ = {
			isa = PBXResourcesBuildPhase;
			buildActionMask = 2147483647;
			files = (
			);
			runOnlyForDeploymentPostprocessing = 0;
		};
		946CD284206AA6F70094AF97 /* Resources */ = {
			isa = PBXResourcesBuildPhase;
			buildActionMask = 2147483647;
			files = (
			);
			runOnlyForDeploymentPostprocessing = 0;
		};
/* End PBXResourcesBuildPhase section */

/* Begin PBXShellScriptBuildPhase section */
		21E4713FD5C03E0289204C3A /* [CP] Embed Pods Frameworks */ = {
			isa = PBXShellScriptBuildPhase;
			buildActionMask = 2147483647;
			files = (
			);
			inputPaths = (
				"${SRCROOT}/Pods/Target Support Files/Pods-FacebookAnalyticsTests/Pods-FacebookAnalyticsTests-frameworks.sh",
				"${BUILT_PRODUCTS_DIR}/Bolts/Bolts.framework",
				"${BUILT_PRODUCTS_DIR}/FBSDKCoreKit/FBSDKCoreKit.framework",
			);
			name = "[CP] Embed Pods Frameworks";
			outputPaths = (
				"${TARGET_BUILD_DIR}/${FRAMEWORKS_FOLDER_PATH}/Bolts.framework",
				"${TARGET_BUILD_DIR}/${FRAMEWORKS_FOLDER_PATH}/FBSDKCoreKit.framework",
			);
			runOnlyForDeploymentPostprocessing = 0;
			shellPath = /bin/sh;
			shellScript = "\"${SRCROOT}/Pods/Target Support Files/Pods-FacebookAnalyticsTests/Pods-FacebookAnalyticsTests-frameworks.sh\"\n";
			showEnvVarsInLog = 0;
		};
		3229D8BD81C2A1C04524DC14 /* [CP] Check Pods Manifest.lock */ = {
			isa = PBXShellScriptBuildPhase;
			buildActionMask = 2147483647;
			files = (
			);
			inputPaths = (
				"${PODS_PODFILE_DIR_PATH}/Podfile.lock",
				"${PODS_ROOT}/Manifest.lock",
			);
			name = "[CP] Check Pods Manifest.lock";
			outputPaths = (
				"$(DERIVED_FILE_DIR)/Pods-FacebookAnalyticsTests-checkManifestLockResult.txt",
			);
			runOnlyForDeploymentPostprocessing = 0;
			shellPath = /bin/sh;
			shellScript = "diff \"${PODS_PODFILE_DIR_PATH}/Podfile.lock\" \"${PODS_ROOT}/Manifest.lock\" > /dev/null\nif [ $? != 0 ] ; then\n    # print error to STDERR\n    echo \"error: The sandbox is not in sync with the Podfile.lock. Run 'pod install' or update your CocoaPods installation.\" >&2\n    exit 1\nfi\n# This output is used by Xcode 'outputs' to avoid re-running this script phase.\necho \"SUCCESS\" > \"${SCRIPT_OUTPUT_FILE_0}\"\n";
			showEnvVarsInLog = 0;
		};
		3AD3286FE249DC72D89DF9B5 /* [CP] Check Pods Manifest.lock */ = {
			isa = PBXShellScriptBuildPhase;
			buildActionMask = 2147483647;
			files = (
			);
			inputPaths = (
				"${PODS_PODFILE_DIR_PATH}/Podfile.lock",
				"${PODS_ROOT}/Manifest.lock",
			);
			name = "[CP] Check Pods Manifest.lock";
			outputPaths = (
				"$(DERIVED_FILE_DIR)/Pods-FacebookAnalytics-checkManifestLockResult.txt",
			);
			runOnlyForDeploymentPostprocessing = 0;
			shellPath = /bin/sh;
			shellScript = "diff \"${PODS_PODFILE_DIR_PATH}/Podfile.lock\" \"${PODS_ROOT}/Manifest.lock\" > /dev/null\nif [ $? != 0 ] ; then\n    # print error to STDERR\n    echo \"error: The sandbox is not in sync with the Podfile.lock. Run 'pod install' or update your CocoaPods installation.\" >&2\n    exit 1\nfi\n# This output is used by Xcode 'outputs' to avoid re-running this script phase.\necho \"SUCCESS\" > \"${SCRIPT_OUTPUT_FILE_0}\"\n";
			showEnvVarsInLog = 0;
		};
		53330C85C911B7DCD2EECFA6 /* [CP] Copy Pods Resources */ = {
			isa = PBXShellScriptBuildPhase;
			buildActionMask = 2147483647;
			files = (
			);
			inputPaths = (
			);
			name = "[CP] Copy Pods Resources";
			outputPaths = (
			);
			runOnlyForDeploymentPostprocessing = 0;
			shellPath = /bin/sh;
			shellScript = "\"${SRCROOT}/Pods/Target Support Files/Pods-FacebookAnalyticsTests/Pods-FacebookAnalyticsTests-resources.sh\"\n";
			showEnvVarsInLog = 0;
		};
		D2755F3557998D206FBF7BD7 /* [CP] Copy Pods Resources */ = {
			isa = PBXShellScriptBuildPhase;
			buildActionMask = 2147483647;
			files = (
			);
			inputPaths = (
			);
			name = "[CP] Copy Pods Resources";
			outputPaths = (
			);
			runOnlyForDeploymentPostprocessing = 0;
			shellPath = /bin/sh;
			shellScript = "\"${SRCROOT}/Pods/Target Support Files/Pods-FacebookAnalytics/Pods-FacebookAnalytics-resources.sh\"\n";
			showEnvVarsInLog = 0;
		};
/* End PBXShellScriptBuildPhase section */

/* Begin PBXSourcesBuildPhase section */
		946CD278206AA6F70094AF97 /* Sources */ = {
			isa = PBXSourcesBuildPhase;
			buildActionMask = 2147483647;
			files = (
				946CD2A1206AA7370094AF97 /* FacebookAnalytics.swift in Sources */,
			);
			runOnlyForDeploymentPostprocessing = 0;
		};
		946CD282206AA6F70094AF97 /* Sources */ = {
			isa = PBXSourcesBuildPhase;
			buildActionMask = 2147483647;
			files = (
				946CD28C206AA6F70094AF97 /* FacebookAnalyticsTests.swift in Sources */,
			);
			runOnlyForDeploymentPostprocessing = 0;
		};
/* End PBXSourcesBuildPhase section */

/* Begin PBXTargetDependency section */
		946CD289206AA6F70094AF97 /* PBXTargetDependency */ = {
			isa = PBXTargetDependency;
			target = 946CD27C206AA6F70094AF97 /* FacebookAnalytics */;
			targetProxy = 946CD288206AA6F70094AF97 /* PBXContainerItemProxy */;
		};
/* End PBXTargetDependency section */

/* Begin XCBuildConfiguration section */
		946CD28F206AA6F70094AF97 /* Debug */ = {
			isa = XCBuildConfiguration;
			buildSettings = {
				ALWAYS_SEARCH_USER_PATHS = NO;
				CLANG_ANALYZER_NONNULL = YES;
				CLANG_ANALYZER_NUMBER_OBJECT_CONVERSION = YES_AGGRESSIVE;
				CLANG_CXX_LANGUAGE_STANDARD = "gnu++14";
				CLANG_CXX_LIBRARY = "libc++";
				CLANG_ENABLE_MODULES = YES;
				CLANG_ENABLE_OBJC_ARC = YES;
				CLANG_WARN_BLOCK_CAPTURE_AUTORELEASING = YES;
				CLANG_WARN_BOOL_CONVERSION = YES;
				CLANG_WARN_COMMA = YES;
				CLANG_WARN_CONSTANT_CONVERSION = YES;
				CLANG_WARN_DIRECT_OBJC_ISA_USAGE = YES_ERROR;
				CLANG_WARN_DOCUMENTATION_COMMENTS = YES;
				CLANG_WARN_EMPTY_BODY = YES;
				CLANG_WARN_ENUM_CONVERSION = YES;
				CLANG_WARN_INFINITE_RECURSION = YES;
				CLANG_WARN_INT_CONVERSION = YES;
				CLANG_WARN_NON_LITERAL_NULL_CONVERSION = YES;
				CLANG_WARN_OBJC_LITERAL_CONVERSION = YES;
				CLANG_WARN_OBJC_ROOT_CLASS = YES_ERROR;
				CLANG_WARN_RANGE_LOOP_ANALYSIS = YES;
				CLANG_WARN_STRICT_PROTOTYPES = YES;
				CLANG_WARN_SUSPICIOUS_MOVE = YES;
				CLANG_WARN_UNGUARDED_AVAILABILITY = YES_AGGRESSIVE;
				CLANG_WARN_UNREACHABLE_CODE = YES;
				CLANG_WARN__DUPLICATE_METHOD_MATCH = YES;
				CODE_SIGN_IDENTITY = "iPhone Developer";
				COPY_PHASE_STRIP = NO;
				CURRENT_PROJECT_VERSION = 1;
				DEBUG_INFORMATION_FORMAT = dwarf;
				ENABLE_STRICT_OBJC_MSGSEND = YES;
				ENABLE_TESTABILITY = YES;
				GCC_C_LANGUAGE_STANDARD = gnu11;
				GCC_DYNAMIC_NO_PIC = NO;
				GCC_NO_COMMON_BLOCKS = YES;
				GCC_OPTIMIZATION_LEVEL = 0;
				GCC_PREPROCESSOR_DEFINITIONS = (
					"DEBUG=1",
					"$(inherited)",
				);
				GCC_WARN_64_TO_32_BIT_CONVERSION = YES;
				GCC_WARN_ABOUT_RETURN_TYPE = YES_ERROR;
				GCC_WARN_UNDECLARED_SELECTOR = YES;
				GCC_WARN_UNINITIALIZED_AUTOS = YES_AGGRESSIVE;
				GCC_WARN_UNUSED_FUNCTION = YES;
				GCC_WARN_UNUSED_VARIABLE = YES;
				IPHONEOS_DEPLOYMENT_TARGET = 11.2;
				MTL_ENABLE_DEBUG_INFO = YES;
				ONLY_ACTIVE_ARCH = YES;
				SDKROOT = iphoneos;
				SWIFT_ACTIVE_COMPILATION_CONDITIONS = DEBUG;
				SWIFT_OPTIMIZATION_LEVEL = "-Onone";
				VERSIONING_SYSTEM = "apple-generic";
				VERSION_INFO_PREFIX = "";
			};
			name = Debug;
		};
		946CD290206AA6F70094AF97 /* Release */ = {
			isa = XCBuildConfiguration;
			buildSettings = {
				ALWAYS_SEARCH_USER_PATHS = NO;
				CLANG_ANALYZER_NONNULL = YES;
				CLANG_ANALYZER_NUMBER_OBJECT_CONVERSION = YES_AGGRESSIVE;
				CLANG_CXX_LANGUAGE_STANDARD = "gnu++14";
				CLANG_CXX_LIBRARY = "libc++";
				CLANG_ENABLE_MODULES = YES;
				CLANG_ENABLE_OBJC_ARC = YES;
				CLANG_WARN_BLOCK_CAPTURE_AUTORELEASING = YES;
				CLANG_WARN_BOOL_CONVERSION = YES;
				CLANG_WARN_COMMA = YES;
				CLANG_WARN_CONSTANT_CONVERSION = YES;
				CLANG_WARN_DIRECT_OBJC_ISA_USAGE = YES_ERROR;
				CLANG_WARN_DOCUMENTATION_COMMENTS = YES;
				CLANG_WARN_EMPTY_BODY = YES;
				CLANG_WARN_ENUM_CONVERSION = YES;
				CLANG_WARN_INFINITE_RECURSION = YES;
				CLANG_WARN_INT_CONVERSION = YES;
				CLANG_WARN_NON_LITERAL_NULL_CONVERSION = YES;
				CLANG_WARN_OBJC_LITERAL_CONVERSION = YES;
				CLANG_WARN_OBJC_ROOT_CLASS = YES_ERROR;
				CLANG_WARN_RANGE_LOOP_ANALYSIS = YES;
				CLANG_WARN_STRICT_PROTOTYPES = YES;
				CLANG_WARN_SUSPICIOUS_MOVE = YES;
				CLANG_WARN_UNGUARDED_AVAILABILITY = YES_AGGRESSIVE;
				CLANG_WARN_UNREACHABLE_CODE = YES;
				CLANG_WARN__DUPLICATE_METHOD_MATCH = YES;
				CODE_SIGN_IDENTITY = "iPhone Developer";
				COPY_PHASE_STRIP = NO;
				CURRENT_PROJECT_VERSION = 1;
				DEBUG_INFORMATION_FORMAT = "dwarf-with-dsym";
				ENABLE_NS_ASSERTIONS = NO;
				ENABLE_STRICT_OBJC_MSGSEND = YES;
				GCC_C_LANGUAGE_STANDARD = gnu11;
				GCC_NO_COMMON_BLOCKS = YES;
				GCC_WARN_64_TO_32_BIT_CONVERSION = YES;
				GCC_WARN_ABOUT_RETURN_TYPE = YES_ERROR;
				GCC_WARN_UNDECLARED_SELECTOR = YES;
				GCC_WARN_UNINITIALIZED_AUTOS = YES_AGGRESSIVE;
				GCC_WARN_UNUSED_FUNCTION = YES;
				GCC_WARN_UNUSED_VARIABLE = YES;
				IPHONEOS_DEPLOYMENT_TARGET = 11.2;
				MTL_ENABLE_DEBUG_INFO = NO;
				SDKROOT = iphoneos;
				SWIFT_OPTIMIZATION_LEVEL = "-Owholemodule";
				VALIDATE_PRODUCT = YES;
				VERSIONING_SYSTEM = "apple-generic";
				VERSION_INFO_PREFIX = "";
			};
			name = Release;
		};
		946CD292206AA6F70094AF97 /* Debug */ = {
			isa = XCBuildConfiguration;
			baseConfigurationReference = 0408FE3AC24DF7FD1C7A5E55 /* Pods-FacebookAnalytics.debug.xcconfig */;
			buildSettings = {
				CLANG_ENABLE_MODULES = YES;
				CODE_SIGN_IDENTITY = "";
				CODE_SIGN_STYLE = Automatic;
				DEFINES_MODULE = YES;
				DYLIB_COMPATIBILITY_VERSION = 1;
				DYLIB_CURRENT_VERSION = 1;
				DYLIB_INSTALL_NAME_BASE = "@rpath";
				INFOPLIST_FILE = FacebookAnalytics/Info.plist;
				INSTALL_PATH = "$(LOCAL_LIBRARY_DIR)/Frameworks";
				LD_RUNPATH_SEARCH_PATHS = "$(inherited) @executable_path/Frameworks @loader_path/Frameworks";
				PRODUCT_BUNDLE_IDENTIFIER = ru.sugarandcandy.FacebookAnalytics;
				PRODUCT_NAME = "$(TARGET_NAME:c99extidentifier)";
				SKIP_INSTALL = YES;
				SWIFT_OPTIMIZATION_LEVEL = "-Onone";
				SWIFT_VERSION = 4.0;
				TARGETED_DEVICE_FAMILY = "1,2";
			};
			name = Debug;
		};
		946CD293206AA6F70094AF97 /* Release */ = {
			isa = XCBuildConfiguration;
			baseConfigurationReference = 0F9C5DE0A3E999084CDFC92E /* Pods-FacebookAnalytics.release.xcconfig */;
			buildSettings = {
				CLANG_ENABLE_MODULES = YES;
				CODE_SIGN_IDENTITY = "";
				CODE_SIGN_STYLE = Automatic;
				DEFINES_MODULE = YES;
				DYLIB_COMPATIBILITY_VERSION = 1;
				DYLIB_CURRENT_VERSION = 1;
				DYLIB_INSTALL_NAME_BASE = "@rpath";
				INFOPLIST_FILE = FacebookAnalytics/Info.plist;
				INSTALL_PATH = "$(LOCAL_LIBRARY_DIR)/Frameworks";
				LD_RUNPATH_SEARCH_PATHS = "$(inherited) @executable_path/Frameworks @loader_path/Frameworks";
				PRODUCT_BUNDLE_IDENTIFIER = ru.sugarandcandy.FacebookAnalytics;
				PRODUCT_NAME = "$(TARGET_NAME:c99extidentifier)";
				SKIP_INSTALL = YES;
				SWIFT_VERSION = 4.0;
				TARGETED_DEVICE_FAMILY = "1,2";
			};
			name = Release;
		};
		946CD295206AA6F70094AF97 /* Debug */ = {
			isa = XCBuildConfiguration;
			baseConfigurationReference = A2C1170D699FF4A4712824C0 /* Pods-FacebookAnalyticsTests.debug.xcconfig */;
			buildSettings = {
				ALWAYS_EMBED_SWIFT_STANDARD_LIBRARIES = YES;
				CODE_SIGN_STYLE = Automatic;
				INFOPLIST_FILE = FacebookAnalyticsTests/Info.plist;
				LD_RUNPATH_SEARCH_PATHS = "$(inherited) @executable_path/Frameworks @loader_path/Frameworks";
				PRODUCT_BUNDLE_IDENTIFIER = ru.sugarandcandy.FacebookAnalyticsTests;
				PRODUCT_NAME = "$(TARGET_NAME)";
				SWIFT_VERSION = 4.0;
				TARGETED_DEVICE_FAMILY = "1,2";
			};
			name = Debug;
		};
		946CD296206AA6F70094AF97 /* Release */ = {
			isa = XCBuildConfiguration;
			baseConfigurationReference = 12500762DF63D87EC0AE3947 /* Pods-FacebookAnalyticsTests.release.xcconfig */;
			buildSettings = {
				ALWAYS_EMBED_SWIFT_STANDARD_LIBRARIES = YES;
				CODE_SIGN_STYLE = Automatic;
				INFOPLIST_FILE = FacebookAnalyticsTests/Info.plist;
				LD_RUNPATH_SEARCH_PATHS = "$(inherited) @executable_path/Frameworks @loader_path/Frameworks";
				PRODUCT_BUNDLE_IDENTIFIER = ru.sugarandcandy.FacebookAnalyticsTests;
				PRODUCT_NAME = "$(TARGET_NAME)";
				SWIFT_VERSION = 4.0;
				TARGETED_DEVICE_FAMILY = "1,2";
			};
			name = Release;
		};
/* End XCBuildConfiguration section */

/* Begin XCConfigurationList section */
		946CD277206AA6F70094AF97 /* Build configuration list for PBXProject "FacebookAnalytics" */ = {
			isa = XCConfigurationList;
			buildConfigurations = (
				946CD28F206AA6F70094AF97 /* Debug */,
				946CD290206AA6F70094AF97 /* Release */,
			);
			defaultConfigurationIsVisible = 0;
			defaultConfigurationName = Release;
		};
		946CD291206AA6F70094AF97 /* Build configuration list for PBXNativeTarget "FacebookAnalytics" */ = {
			isa = XCConfigurationList;
			buildConfigurations = (
				946CD292206AA6F70094AF97 /* Debug */,
				946CD293206AA6F70094AF97 /* Release */,
			);
			defaultConfigurationIsVisible = 0;
			defaultConfigurationName = Release;
		};
		946CD294206AA6F70094AF97 /* Build configuration list for PBXNativeTarget "FacebookAnalyticsTests" */ = {
			isa = XCConfigurationList;
			buildConfigurations = (
				946CD295206AA6F70094AF97 /* Debug */,
				946CD296206AA6F70094AF97 /* Release */,
			);
			defaultConfigurationIsVisible = 0;
			defaultConfigurationName = Release;
		};
/* End XCConfigurationList section */
	};
	rootObject = 946CD274206AA6F70094AF97 /* Project object */;
}
